// !$*UTF8*$!
{
	archiveVersion = 1;
	classes = {
	};
	objectVersion = 48;
	objects = {

/* Begin PBXBuildFile section */
		FE288C132015E74900CD193A /* AppDelegate.swift in Sources */ = {isa = PBXBuildFile; fileRef = FE288C122015E74900CD193A /* AppDelegate.swift */; };
		FE288C152015E74900CD193A /* ViewController.swift in Sources */ = {isa = PBXBuildFile; fileRef = FE288C142015E74900CD193A /* ViewController.swift */; };
		FE288C182015E74900CD193A /* Main.storyboard in Resources */ = {isa = PBXBuildFile; fileRef = FE288C162015E74900CD193A /* Main.storyboard */; };
		FE288C1B2015E74900CD193A /* Book_A_Table.xcdatamodeld in Sources */ = {isa = PBXBuildFile; fileRef = FE288C192015E74900CD193A /* Book_A_Table.xcdatamodeld */; };
		FE288C1D2015E74900CD193A /* Assets.xcassets in Resources */ = {isa = PBXBuildFile; fileRef = FE288C1C2015E74900CD193A /* Assets.xcassets */; };
		FE288C202015E74900CD193A /* LaunchScreen.storyboard in Resources */ = {isa = PBXBuildFile; fileRef = FE288C1E2015E74900CD193A /* LaunchScreen.storyboard */; };
/* End PBXBuildFile section */

/* Begin PBXFileReference section */
		FE288C0F2015E74900CD193A /* Book A Table.app */ = {isa = PBXFileReference; explicitFileType = wrapper.application; includeInIndex = 0; path = "Book A Table.app"; sourceTree = BUILT_PRODUCTS_DIR; };
		FE288C122015E74900CD193A /* AppDelegate.swift */ = {isa = PBXFileReference; lastKnownFileType = sourcecode.swift; path = AppDelegate.swift; sourceTree = "<group>"; };
		FE288C142015E74900CD193A /* ViewController.swift */ = {isa = PBXFileReference; lastKnownFileType = sourcecode.swift; path = ViewController.swift; sourceTree = "<group>"; };
		FE288C172015E74900CD193A /* Base */ = {isa = PBXFileReference; lastKnownFileType = file.storyboard; name = Base; path = Base.lproj/Main.storyboard; sourceTree = "<group>"; };
		FE288C1A2015E74900CD193A /* Book_A_Table.xcdatamodel */ = {isa = PBXFileReference; lastKnownFileType = wrapper.xcdatamodel; path = Book_A_Table.xcdatamodel; sourceTree = "<group>"; };
		FE288C1C2015E74900CD193A /* Assets.xcassets */ = {isa = PBXFileReference; lastKnownFileType = folder.assetcatalog; path = Assets.xcassets; sourceTree = "<group>"; };
		FE288C1F2015E74900CD193A /* Base */ = {isa = PBXFileReference; lastKnownFileType = file.storyboard; name = Base; path = Base.lproj/LaunchScreen.storyboard; sourceTree = "<group>"; };
		FE288C212015E74900CD193A /* Info.plist */ = {isa = PBXFileReference; lastKnownFileType = text.plist.xml; path = Info.plist; sourceTree = "<group>"; };
/* End PBXFileReference section */

/* Begin PBXFrameworksBuildPhase section */
		FE288C0C2015E74900CD193A /* Frameworks */ = {
			isa = PBXFrameworksBuildPhase;
			buildActionMask = 2147483647;
			files = (
			);
			runOnlyForDeploymentPostprocessing = 0;
		};
/* End PBXFrameworksBuildPhase section */

/* Begin PBXGroup section */
		FE288C062015E74900CD193A = {
			isa = PBXGroup;
			children = (
				FE288C112015E74900CD193A /* Book A Table */,
				FE288C102015E74900CD193A /* Products */,
			);
			sourceTree = "<group>";
		};
		FE288C102015E74900CD193A /* Products */ = {
			isa = PBXGroup;
			children = (
				FE288C0F2015E74900CD193A /* Book A Table.app */,
			);
			name = Products;
			sourceTree = "<group>";
		};
		FE288C112015E74900CD193A /* Book A Table */ = {
			isa = PBXGroup;
			children = (
				FE288C122015E74900CD193A /* AppDelegate.swift */,
				FE288C142015E74900CD193A /* ViewController.swift */,
				FE288C162015E74900CD193A /* Main.storyboard */,
				FE288C1C2015E74900CD193A /* Assets.xcassets */,
				FE288C1E2015E74900CD193A /* LaunchScreen.storyboard */,
				FE288C212015E74900CD193A /* Info.plist */,
				FE288C192015E74900CD193A /* Book_A_Table.xcdatamodeld */,
			);
			path = "Book A Table";
			sourceTree = "<group>";
		};
/* End PBXGroup section */

/* Begin PBXNativeTarget section */
		FE288C0E2015E74900CD193A /* Book A Table */ = {
			isa = PBXNativeTarget;
			buildConfigurationList = FE288C242015E74900CD193A /* Build configuration list for PBXNativeTarget "Book A Table" */;
			buildPhases = (
				FE288C0B2015E74900CD193A /* Sources */,
				FE288C0C2015E74900CD193A /* Frameworks */,
				FE288C0D2015E74900CD193A /* Resources */,
			);
			buildRules = (
			);
			dependencies = (
			);
			name = "Book A Table";
			productName = "Book A Table";
			productReference = FE288C0F2015E74900CD193A /* Book A Table.app */;
			productType = "com.apple.product-type.application";
		};
/* End PBXNativeTarget section */

/* Begin PBXProject section */
		FE288C072015E74900CD193A /* Project object */ = {
			isa = PBXProject;
			attributes = {
				LastSwiftUpdateCheck = 0910;
				LastUpgradeCheck = 0910;
				ORGANIZATIONNAME = Vaishnav;
				TargetAttributes = {
					FE288C0E2015E74900CD193A = {
						CreatedOnToolsVersion = 9.1;
						ProvisioningStyle = Automatic;
					};
				};
			};
			buildConfigurationList = FE288C0A2015E74900CD193A /* Build configuration list for PBXProject "Book A Table" */;
			compatibilityVersion = "Xcode 8.0";
			developmentRegion = en;
			hasScannedForEncodings = 0;
			knownRegions = (
				en,
				Base,
			);
			mainGroup = FE288C062015E74900CD193A;
			productRefGroup = FE288C102015E74900CD193A /* Products */;
			projectDirPath = "";
			projectRoot = "";
			targets = (
				FE288C0E2015E74900CD193A /* Book A Table */,
			);
		};
/* End PBXProject section */

/* Begin PBXResourcesBuildPhase section */
		FE288C0D2015E74900CD193A /* Resources */ = {
			isa = PBXResourcesBuildPhase;
			buildActionMask = 2147483647;
			files = (
				FE288C202015E74900CD193A /* LaunchScreen.storyboard in Resources */,
				FE288C1D2015E74900CD193A /* Assets.xcassets in Resources */,
				FE288C182015E74900CD193A /* Main.storyboard in Resources */,
			);
			runOnlyForDeploymentPostprocessing = 0;
		};
/* End PBXResourcesBuildPhase section */

/* Begin PBXSourcesBuildPhase section */
		FE288C0B2015E74900CD193A /* Sources */ = {
			isa = PBXSourcesBuildPhase;
			buildActionMask = 2147483647;
			files = (
				FE288C152015E74900CD193A /* ViewController.swift in Sources */,
				FE288C1B2015E74900CD193A /* Book_A_Table.xcdatamodeld in Sources */,
				FE288C132015E74900CD193A /* AppDelegate.swift in Sources */,
			);
			runOnlyForDeploymentPostprocessing = 0;
		};
/* End PBXSourcesBuildPhase section */

/* Begin PBXVariantGroup section */
		FE288C162015E74900CD193A /* Main.storyboard */ = {
			isa = PBXVariantGroup;
			children = (
				FE288C172015E74900CD193A /* Base */,
			);
			name = Main.storyboard;
			sourceTree = "<group>";
		};
		FE288C1E2015E74900CD193A /* LaunchScreen.storyboard */ = {
			isa = PBXVariantGroup;
			children = (
				FE288C1F2015E74900CD193A /* Base */,
			);
			name = LaunchScreen.storyboard;
			sourceTree = "<group>";
		};
/* End PBXVariantGroup section */

/* Begin XCBuildConfiguration section */
		FE288C222015E74900CD193A /* Debug */ = {
			isa = XCBuildConfiguration;
			buildSettings = {
				ALWAYS_SEARCH_USER_PATHS = NO;
				CLANG_ANALYZER_NONNULL = YES;
				CLANG_ANALYZER_NUMBER_OBJECT_CONVERSION = YES_AGGRESSIVE;
				CLANG_CXX_LANGUAGE_STANDARD = "gnu++14";
				CLANG_CXX_LIBRARY = "libc++";
				CLANG_ENABLE_MODULES = YES;
				CLANG_ENABLE_OBJC_ARC = YES;
				CLANG_WARN_BLOCK_CAPTURE_AUTORELEASING = YES;
				CLANG_WARN_BOOL_CONVERSION = YES;
				CLANG_WARN_COMMA = YES;
				CLANG_WARN_CONSTANT_CONVERSION = YES;
				CLANG_WARN_DIRECT_OBJC_ISA_USAGE = YES_ERROR;
				CLANG_WARN_DOCUMENTATION_COMMENTS = YES;
				CLANG_WARN_EMPTY_BODY = YES;
				CLANG_WARN_ENUM_CONVERSION = YES;
				CLANG_WARN_INFINITE_RECURSION = YES;
				CLANG_WARN_INT_CONVERSION = YES;
				CLANG_WARN_NON_LITERAL_NULL_CONVERSION = YES;
				CLANG_WARN_OBJC_LITERAL_CONVERSION = YES;
				CLANG_WARN_OBJC_ROOT_CLASS = YES_ERROR;
				CLANG_WARN_RANGE_LOOP_ANALYSIS = YES;
				CLANG_WARN_STRICT_PROTOTYPES = YES;
				CLANG_WARN_SUSPICIOUS_MOVE = YES;
				CLANG_WARN_UNGUARDED_AVAILABILITY = YES_AGGRESSIVE;
				CLANG_WARN_UNREACHABLE_CODE = YES;
				CLANG_WARN__DUPLICATE_METHOD_MATCH = YES;
				CODE_SIGN_IDENTITY = "iPhone Developer";
				COPY_PHASE_STRIP = NO;
				DEBUG_INFORMATION_FORMAT = dwarf;
				ENABLE_STRICT_OBJC_MSGSEND = YES;
				ENABLE_TESTABILITY = YES;
				GCC_C_LANGUAGE_STANDARD = gnu11;
				GCC_DYNAMIC_NO_PIC = NO;
				GCC_NO_COMMON_BLOCKS = YES;
				GCC_OPTIMIZATION_LEVEL = 0;
				GCC_PREPROCESSOR_DEFINITIONS = (
					"DEBUG=1",
					"$(inherited)",
				);
				GCC_WARN_64_TO_32_BIT_CONVERSION = YES;
				GCC_WARN_ABOUT_RETURN_TYPE = YES_ERROR;
				GCC_WARN_UNDECLARED_SELECTOR = YES;
				GCC_WARN_UNINITIALIZED_AUTOS = YES_AGGRESSIVE;
				GCC_WARN_UNUSED_FUNCTION = YES;
				GCC_WARN_UNUSED_VARIABLE = YES;
				IPHONEOS_DEPLOYMENT_TARGET = 11.1;
				MTL_ENABLE_DEBUG_INFO = YES;
				ONLY_ACTIVE_ARCH = YES;
				SDKROOT = iphoneos;
				SWIFT_ACTIVE_COMPILATION_CONDITIONS = DEBUG;
				SWIFT_OPTIMIZATION_LEVEL = "-Onone";
			};
			name = Debug;
		};
		FE288C232015E74900CD193A /* Release */ = {
			isa = XCBuildConfiguration;
			buildSettings = {
				ALWAYS_SEARCH_USER_PATHS = NO;
				CLANG_ANALYZER_NONNULL = YES;
				CLANG_ANALYZER_NUMBER_OBJECT_CONVERSION = YES_AGGRESSIVE;
				CLANG_CXX_LANGUAGE_STANDARD = "gnu++14";
				CLANG_CXX_LIBRARY = "libc++";
				CLANG_ENABLE_MODULES = YES;
				CLANG_ENABLE_OBJC_ARC = YES;
				CLANG_WARN_BLOCK_CAPTURE_AUTORELEASING = YES;
				CLANG_WARN_BOOL_CONVERSION = YES;
				CLANG_WARN_COMMA = YES;
				CLANG_WARN_CONSTANT_CONVERSION = YES;
				CLANG_WARN_DIRECT_OBJC_ISA_USAGE = YES_ERROR;
				CLANG_WARN_DOCUMENTATION_COMMENTS = YES;
				CLANG_WARN_EMPTY_BODY = YES;
				CLANG_WARN_ENUM_CONVERSION = YES;
				CLANG_WARN_INFINITE_RECURSION = YES;
				CLANG_WARN_INT_CONVERSION = YES;
				CLANG_WARN_NON_LITERAL_NULL_CONVERSION = YES;
				CLANG_WARN_OBJC_LITERAL_CONVERSION = YES;
				CLANG_WARN_OBJC_ROOT_CLASS = YES_ERROR;
				CLANG_WARN_RANGE_LOOP_ANALYSIS = YES;
				CLANG_WARN_STRICT_PROTOTYPES = YES;
				CLANG_WARN_SUSPICIOUS_MOVE = YES;
				CLANG_WARN_UNGUARDED_AVAILABILITY = YES_AGGRESSIVE;
				CLANG_WARN_UNREACHABLE_CODE = YES;
				CLANG_WARN__DUPLICATE_METHOD_MATCH = YES;
				CODE_SIGN_IDENTITY = "iPhone Developer";
				COPY_PHASE_STRIP = NO;
				DEBUG_INFORMATION_FORMAT = "dwarf-with-dsym";
				ENABLE_NS_ASSERTIONS = NO;
				ENABLE_STRICT_OBJC_MSGSEND = YES;
				GCC_C_LANGUAGE_STANDARD = gnu11;
				GCC_NO_COMMON_BLOCKS = YES;
				GCC_WARN_64_TO_32_BIT_CONVERSION = YES;
				GCC_WARN_ABOUT_RETURN_TYPE = YES_ERROR;
				GCC_WARN_UNDECLARED_SELECTOR = YES;
				GCC_WARN_UNINITIALIZED_AUTOS = YES_AGGRESSIVE;
				GCC_WARN_UNUSED_FUNCTION = YES;
				GCC_WARN_UNUSED_VARIABLE = YES;
				IPHONEOS_DEPLOYMENT_TARGET = 11.1;
				MTL_ENABLE_DEBUG_INFO = NO;
				SDKROOT = iphoneos;
				SWIFT_OPTIMIZATION_LEVEL = "-Owholemodule";
				VALIDATE_PRODUCT = YES;
			};
			name = Release;
		};
		FE288C252015E74900CD193A /* Debug */ = {
			isa = XCBuildConfiguration;
			buildSettings = {
				ASSETCATALOG_COMPILER_APPICON_NAME = AppIcon;
				CODE_SIGN_STYLE = Automatic;
				DEVELOPMENT_TEAM = GN9UKB32QG;
				INFOPLIST_FILE = "Book A Table/Info.plist";
				LD_RUNPATH_SEARCH_PATHS = "$(inherited) @executable_path/Frameworks";
				PRODUCT_BUNDLE_IDENTIFIER = "com.goalsr.Book-A-Table";
				PRODUCT_NAME = "$(TARGET_NAME)";
				SWIFT_VERSION = 4.0;
				TARGETED_DEVICE_FAMILY = "1,2";
			};
			name = Debug;
		};
		FE288C262015E74900CD193A /* Release */ = {
			isa = XCBuildConfiguration;
			buildSettings = {
				ASSETCATALOG_COMPILER_APPICON_NAME = AppIcon;
				CODE_SIGN_STYLE = Automatic;
				DEVELOPMENT_TEAM = GN9UKB32QG;
				INFOPLIST_FILE = "Book A Table/Info.plist";
				LD_RUNPATH_SEARCH_PATHS = "$(inherited) @executable_path/Frameworks";
				PRODUCT_BUNDLE_IDENTIFIER = "com.goalsr.Book-A-Table";
				PRODUCT_NAME = "$(TARGET_NAME)";
				SWIFT_VERSION = 4.0;
				TARGETED_DEVICE_FAMILY = "1,2";
			};
			name = Release;
		};
/* End XCBuildConfiguration section */

/* Begin XCConfigurationList section */
		FE288C0A2015E74900CD193A /* Build configuration list for PBXProject "Book A Table" */ = {
			isa = XCConfigurationList;
			buildConfigurations = (
				FE288C222015E74900CD193A /* Debug */,
				FE288C232015E74900CD193A /* Release */,
			);
			defaultConfigurationIsVisible = 0;
			defaultConfigurationName = Release;
		};
		FE288C242015E74900CD193A /* Build configuration list for PBXNativeTarget "Book A Table" */ = {
			isa = XCConfigurationList;
			buildConfigurations = (
				FE288C252015E74900CD193A /* Debug */,
				FE288C262015E74900CD193A /* Release */,
			);
			defaultConfigurationIsVisible = 0;
			defaultConfigurationName = Release;
		};
/* End XCConfigurationList section */

/* Begin XCVersionGroup section */
		FE288C192015E74900CD193A /* Book_A_Table.xcdatamodeld */ = {
			isa = XCVersionGroup;
			children = (
				FE288C1A2015E74900CD193A /* Book_A_Table.xcdatamodel */,
			);
			currentVersion = FE288C1A2015E74900CD193A /* Book_A_Table.xcdatamodel */;
			path = Book_A_Table.xcdatamodeld;
			sourceTree = "<group>";
			versionGroupType = wrapper.xcdatamodel;
		};
/* End XCVersionGroup section */
	};
	rootObject = FE288C072015E74900CD193A /* Project object */;
}
